
Microsoft Visual Studio Solution File, Format Version 12.00
# Visual Studio Version 17
VisualStudioVersion = 17.11.35303.130
MinimumVisualStudioVersion = 10.0.40219.1
Project("{9A19103F-16F7-4668-BE54-9A1E7A4F7556}") = "ProjetoGerenciamentoEstoque", "ProjetoGerenciamentoEstoque\ProjetoGerenciamentoEstoque.csproj", "{3F34D806-8AA8-442A-93D3-BBC7DBA57AC9}"
EndProject
Project("{9A19103F-16F7-4668-BE54-9A1E7A4F7556}") = "ServicesContracts", "ServicesContracts\ServicesContracts.csproj", "{D197A507-F86C-462D-A2D5-4071E4094F28}"
EndProject
Project("{9A19103F-16F7-4668-BE54-9A1E7A4F7556}") = "Services", "Services\Services.csproj", "{923A2343-B2C4-4FB0-A5A9-385F3FDBC174}"
EndProject
Project("{9A19103F-16F7-4668-BE54-9A1E7A4F7556}") = "Entities", "Entities\Entities.csproj", "{DC61C4D7-D7A2-4A4E-B7FE-074EFC0A87D4}"
EndProject
Global
	GlobalSection(SolutionConfigurationPlatforms) = preSolution
		Debug|Any CPU = Debug|Any CPU
		Release|Any CPU = Release|Any CPU
	EndGlobalSection
	GlobalSection(ProjectConfigurationPlatforms) = postSolution
		{3F34D806-8AA8-442A-93D3-BBC7DBA57AC9}.Debug|Any CPU.ActiveCfg = Debug|Any CPU
		{3F34D806-8AA8-442A-93D3-BBC7DBA57AC9}.Debug|Any CPU.Build.0 = Debug|Any CPU
		{3F34D806-8AA8-442A-93D3-BBC7DBA57AC9}.Release|Any CPU.ActiveCfg = Release|Any CPU
		{3F34D806-8AA8-442A-93D3-BBC7DBA57AC9}.Release|Any CPU.Build.0 = Release|Any CPU
		{D197A507-F86C-462D-A2D5-4071E4094F28}.Debug|Any CPU.ActiveCfg = Debug|Any CPU
		{D197A507-F86C-462D-A2D5-4071E4094F28}.Debug|Any CPU.Build.0 = Debug|Any CPU
		{D197A507-F86C-462D-A2D5-4071E4094F28}.Release|Any CPU.ActiveCfg = Release|Any CPU
		{D197A507-F86C-462D-A2D5-4071E4094F28}.Release|Any CPU.Build.0 = Release|Any CPU
		{923A2343-B2C4-4FB0-A5A9-385F3FDBC174}.Debug|Any CPU.ActiveCfg = Debug|Any CPU
		{923A2343-B2C4-4FB0-A5A9-385F3FDBC174}.Debug|Any CPU.Build.0 = Debug|Any CPU
		{923A2343-B2C4-4FB0-A5A9-385F3FDBC174}.Release|Any CPU.ActiveCfg = Release|Any CPU
		{923A2343-B2C4-4FB0-A5A9-385F3FDBC174}.Release|Any CPU.Build.0 = Release|Any CPU
		{DC61C4D7-D7A2-4A4E-B7FE-074EFC0A87D4}.Debug|Any CPU.ActiveCfg = Debug|Any CPU
		{DC61C4D7-D7A2-4A4E-B7FE-074EFC0A87D4}.Debug|Any CPU.Build.0 = Debug|Any CPU
		{DC61C4D7-D7A2-4A4E-B7FE-074EFC0A87D4}.Release|Any CPU.ActiveCfg = Release|Any CPU
		{DC61C4D7-D7A2-4A4E-B7FE-074EFC0A87D4}.Release|Any CPU.Build.0 = Release|Any CPU
	EndGlobalSection
	GlobalSection(SolutionProperties) = preSolution
		HideSolutionNode = FALSE
	EndGlobalSection
	GlobalSection(ExtensibilityGlobals) = postSolution
		SolutionGuid = {B18A6462-B289-4B47-B3BB-B344409A8F8F}
	EndGlobalSection
EndGlobal
